
Microsoft Visual Studio Solution File, Format Version 12.00
# Visual Studio Version 17
VisualStudioVersion = 17.3.32929.385
MinimumVisualStudioVersion = 10.0.40219.1
Project("{FAE04EC0-301F-11D3-BF4B-00C04F79EFBC}") = "PlayersGuide_BossBattle", "PlayersGuide_BossBattle.csproj", "{815971C9-86D0-427B-818F-4A7DEC835598}"
EndProject
Global
	GlobalSection(SolutionConfigurationPlatforms) = preSolution
		Debug|Any CPU = Debug|Any CPU
		Release|Any CPU = Release|Any CPU
	EndGlobalSection
	GlobalSection(ProjectConfigurationPlatforms) = postSolution
		{815971C9-86D0-427B-818F-4A7DEC835598}.Debug|Any CPU.ActiveCfg = Debug|Any CPU
		{815971C9-86D0-427B-818F-4A7DEC835598}.Debug|Any CPU.Build.0 = Debug|Any CPU
		{815971C9-86D0-427B-818F-4A7DEC835598}.Release|Any CPU.ActiveCfg = Release|Any CPU
		{815971C9-86D0-427B-818F-4A7DEC835598}.Release|Any CPU.Build.0 = Release|Any CPU
	EndGlobalSection
	GlobalSection(SolutionProperties) = preSolution
		HideSolutionNode = FALSE
	EndGlobalSection
	GlobalSection(ExtensibilityGlobals) = postSolution
		SolutionGuid = {BE447217-317B-48D0-8E64-6080C5D1221B}
	EndGlobalSection
EndGlobal
